
Microsoft Visual Studio Solution File, Format Version 12.00
# Visual Studio 15
Project("{FAE04EC0-301F-11D3-BF4B-00C04F79EFBC}") = "Assembly-CSharp", "Assembly-CSharp.csproj", "{A0079709-B318-D0F0-DE0B-236529E67E2F}"
EndProject
Project("{9A19103F-16F7-4668-BE54-9A1E7A4F7556}") = "Zork.Common", "..\Zork.Common\Zork.Common.csproj", "{04243A9F-1F3F-4A27-892B-5496D1077908}"
EndProject
Project("{9A19103F-16F7-4668-BE54-9A1E7A4F7556}") = "Zork.Console", "..\Zork.Console\Zork.Console.csproj", "{7C38000D-CECD-4D4F-BE4F-FA87AA9D9FBA}"
EndProject
Global
	GlobalSection(SolutionConfigurationPlatforms) = preSolution
		Debug|Any CPU = Debug|Any CPU
		Release|Any CPU = Release|Any CPU
	EndGlobalSection
	GlobalSection(ProjectConfigurationPlatforms) = postSolution
		{A0079709-B318-D0F0-DE0B-236529E67E2F}.Debug|Any CPU.ActiveCfg = Debug|Any CPU
		{A0079709-B318-D0F0-DE0B-236529E67E2F}.Debug|Any CPU.Build.0 = Debug|Any CPU
		{A0079709-B318-D0F0-DE0B-236529E67E2F}.Release|Any CPU.ActiveCfg = Release|Any CPU
		{A0079709-B318-D0F0-DE0B-236529E67E2F}.Release|Any CPU.Build.0 = Release|Any CPU
		{04243A9F-1F3F-4A27-892B-5496D1077908}.Debug|Any CPU.ActiveCfg = Debug|Any CPU
		{04243A9F-1F3F-4A27-892B-5496D1077908}.Debug|Any CPU.Build.0 = Debug|Any CPU
		{04243A9F-1F3F-4A27-892B-5496D1077908}.Release|Any CPU.ActiveCfg = Release|Any CPU
		{04243A9F-1F3F-4A27-892B-5496D1077908}.Release|Any CPU.Build.0 = Release|Any CPU
		{7C38000D-CECD-4D4F-BE4F-FA87AA9D9FBA}.Debug|Any CPU.ActiveCfg = Debug|Any CPU
		{7C38000D-CECD-4D4F-BE4F-FA87AA9D9FBA}.Debug|Any CPU.Build.0 = Debug|Any CPU
		{7C38000D-CECD-4D4F-BE4F-FA87AA9D9FBA}.Release|Any CPU.ActiveCfg = Release|Any CPU
		{7C38000D-CECD-4D4F-BE4F-FA87AA9D9FBA}.Release|Any CPU.Build.0 = Release|Any CPU
	EndGlobalSection
	GlobalSection(SolutionProperties) = preSolution
		HideSolutionNode = FALSE
	EndGlobalSection
EndGlobal
